
Microsoft Visual Studio Solution File, Format Version 12.00
Project("{FAE04EC0-301F-11D3-BF4B-00C04F79EFBC}") = "Claunia.Localization", "Claunia.Localization\Claunia.Localization\Claunia.Localization.csproj", "{5D196552-053C-4D4E-85F1-ECB5EF4FEB8E}"
EndProject
Project("{FAE04EC0-301F-11D3-BF4B-00C04F79EFBC}") = "Claunia.Localization.Desktop", "Claunia.Localization\Claunia.Localization.Desktop\Claunia.Localization.Desktop.csproj", "{258FEA96-4E93-4C8F-94EF-1319F93B350D}"
EndProject
Project("{FAE04EC0-301F-11D3-BF4B-00C04F79EFBC}") = "Claunia.Localization.Core", "Claunia.Localization.Core\Claunia.Localization.Core.csproj", "{CFDFDFC7-9662-4C50-B86A-9E579ACD3DF9}"
EndProject
Project("{FAE04EC0-301F-11D3-BF4B-00C04F79EFBC}") = "Claunia.Localization.Parsers", "Claunia.Localization.Parsers\Claunia.Localization.Parsers.csproj", "{8660FA2F-618D-4CD2-ABD2-31C5FD4EB2B2}"
EndProject
Project("{FAE04EC0-301F-11D3-BF4B-00C04F79EFBC}") = "Claunia.Localization.Test", "Claunia.Localization.Test\Claunia.Localization.Test.csproj", "{76FBD8F7-6AF7-405B-B8F8-3D2F5C655ADD}"
EndProject
Project("{FAE04EC0-301F-11D3-BF4B-00C04F79EFBC}") = "Claunia.Localization.Benchmark", "Claunia.Localization.Benchmark\Claunia.Localization.Benchmark.csproj", "{6DDAF5A1-ACC2-437D-BC5F-E21441AB2C09}"
EndProject
Global
	GlobalSection(SolutionConfigurationPlatforms) = preSolution
		Debug|Any CPU = Debug|Any CPU
		Release|Any CPU = Release|Any CPU
	EndGlobalSection
	GlobalSection(ProjectConfigurationPlatforms) = postSolution
		{5D196552-053C-4D4E-85F1-ECB5EF4FEB8E}.Debug|Any CPU.ActiveCfg = Debug|Any CPU
		{5D196552-053C-4D4E-85F1-ECB5EF4FEB8E}.Debug|Any CPU.Build.0 = Debug|Any CPU
		{5D196552-053C-4D4E-85F1-ECB5EF4FEB8E}.Release|Any CPU.ActiveCfg = Release|Any CPU
		{5D196552-053C-4D4E-85F1-ECB5EF4FEB8E}.Release|Any CPU.Build.0 = Release|Any CPU
		{258FEA96-4E93-4C8F-94EF-1319F93B350D}.Debug|Any CPU.ActiveCfg = Debug|Any CPU
		{258FEA96-4E93-4C8F-94EF-1319F93B350D}.Debug|Any CPU.Build.0 = Debug|Any CPU
		{258FEA96-4E93-4C8F-94EF-1319F93B350D}.Debug|Any CPU.Deploy.0 = Debug|Any CPU
		{258FEA96-4E93-4C8F-94EF-1319F93B350D}.Release|Any CPU.ActiveCfg = Release|Any CPU
		{258FEA96-4E93-4C8F-94EF-1319F93B350D}.Release|Any CPU.Build.0 = Release|Any CPU
		{258FEA96-4E93-4C8F-94EF-1319F93B350D}.Release|Any CPU.Deploy.0 = Release|Any CPU
		{CFDFDFC7-9662-4C50-B86A-9E579ACD3DF9}.Debug|Any CPU.ActiveCfg = Debug|Any CPU
		{CFDFDFC7-9662-4C50-B86A-9E579ACD3DF9}.Debug|Any CPU.Build.0 = Debug|Any CPU
		{CFDFDFC7-9662-4C50-B86A-9E579ACD3DF9}.Release|Any CPU.ActiveCfg = Release|Any CPU
		{CFDFDFC7-9662-4C50-B86A-9E579ACD3DF9}.Release|Any CPU.Build.0 = Release|Any CPU
		{8660FA2F-618D-4CD2-ABD2-31C5FD4EB2B2}.Debug|Any CPU.ActiveCfg = Debug|Any CPU
		{8660FA2F-618D-4CD2-ABD2-31C5FD4EB2B2}.Debug|Any CPU.Build.0 = Debug|Any CPU
		{8660FA2F-618D-4CD2-ABD2-31C5FD4EB2B2}.Release|Any CPU.ActiveCfg = Release|Any CPU
		{8660FA2F-618D-4CD2-ABD2-31C5FD4EB2B2}.Release|Any CPU.Build.0 = Release|Any CPU
		{76FBD8F7-6AF7-405B-B8F8-3D2F5C655ADD}.Debug|Any CPU.ActiveCfg = Debug|Any CPU
		{76FBD8F7-6AF7-405B-B8F8-3D2F5C655ADD}.Debug|Any CPU.Build.0 = Debug|Any CPU
		{76FBD8F7-6AF7-405B-B8F8-3D2F5C655ADD}.Release|Any CPU.ActiveCfg = Release|Any CPU
		{76FBD8F7-6AF7-405B-B8F8-3D2F5C655ADD}.Release|Any CPU.Build.0 = Release|Any CPU
		{6DDAF5A1-ACC2-437D-BC5F-E21441AB2C09}.Debug|Any CPU.ActiveCfg = Debug|Any CPU
		{6DDAF5A1-ACC2-437D-BC5F-E21441AB2C09}.Debug|Any CPU.Build.0 = Debug|Any CPU
		{6DDAF5A1-ACC2-437D-BC5F-E21441AB2C09}.Release|Any CPU.ActiveCfg = Release|Any CPU
		{6DDAF5A1-ACC2-437D-BC5F-E21441AB2C09}.Release|Any CPU.Build.0 = Release|Any CPU
	EndGlobalSection
EndGlobal
